
Microsoft Visual Studio Solution File, Format Version 12.00
# Visual Studio Version 17
VisualStudioVersion = 17.12.35707.178 d17.12
MinimumVisualStudioVersion = 10.0.40219.1
Project("{2150E333-8FDC-42A3-9474-1A3956D46DE8}") = "src", "src", "{02E94E08-33D2-4855-AD01-E544D64BA86B}"
EndProject
Project("{FAE04EC0-301F-11D3-BF4B-00C04F79EFBC}") = "DTSTaskManagerApi", "DTSTaskManagerApi\DTSTaskManagerApi.csproj", "{0ECDB7D5-8AF9-4B38-B1B4-D32B87F7FC91}"
EndProject
Project("{FAE04EC0-301F-11D3-BF4B-00C04F79EFBC}") = "DTSDomain", "DTSDomain\DTSDomain.csproj", "{3B9C8463-A508-4AE0-B699-78C1545BDE67}"
EndProject
Project("{FAE04EC0-301F-11D3-BF4B-00C04F79EFBC}") = "DTSContract", "DTSContract\DTSContract.csproj", "{19914961-B237-465F-9FCA-CD8BC2B0A24E}"
EndProject
Project("{FAE04EC0-301F-11D3-BF4B-00C04F79EFBC}") = "DTSDataAccess", "DTSDataAccess\DTSDataAccess.csproj", "{1A3B75E6-BA38-4970-A85C-A79753582664}"
EndProject
Global
	GlobalSection(SolutionConfigurationPlatforms) = preSolution
		Debug|Any CPU = Debug|Any CPU
		Release|Any CPU = Release|Any CPU
	EndGlobalSection
	GlobalSection(ProjectConfigurationPlatforms) = postSolution
		{0ECDB7D5-8AF9-4B38-B1B4-D32B87F7FC91}.Debug|Any CPU.ActiveCfg = Debug|Any CPU
		{0ECDB7D5-8AF9-4B38-B1B4-D32B87F7FC91}.Debug|Any CPU.Build.0 = Debug|Any CPU
		{0ECDB7D5-8AF9-4B38-B1B4-D32B87F7FC91}.Release|Any CPU.ActiveCfg = Release|Any CPU
		{0ECDB7D5-8AF9-4B38-B1B4-D32B87F7FC91}.Release|Any CPU.Build.0 = Release|Any CPU
		{3B9C8463-A508-4AE0-B699-78C1545BDE67}.Debug|Any CPU.ActiveCfg = Debug|Any CPU
		{3B9C8463-A508-4AE0-B699-78C1545BDE67}.Debug|Any CPU.Build.0 = Debug|Any CPU
		{3B9C8463-A508-4AE0-B699-78C1545BDE67}.Release|Any CPU.ActiveCfg = Release|Any CPU
		{3B9C8463-A508-4AE0-B699-78C1545BDE67}.Release|Any CPU.Build.0 = Release|Any CPU
		{19914961-B237-465F-9FCA-CD8BC2B0A24E}.Debug|Any CPU.ActiveCfg = Debug|Any CPU
		{19914961-B237-465F-9FCA-CD8BC2B0A24E}.Debug|Any CPU.Build.0 = Debug|Any CPU
		{19914961-B237-465F-9FCA-CD8BC2B0A24E}.Release|Any CPU.ActiveCfg = Release|Any CPU
		{19914961-B237-465F-9FCA-CD8BC2B0A24E}.Release|Any CPU.Build.0 = Release|Any CPU
		{1A3B75E6-BA38-4970-A85C-A79753582664}.Debug|Any CPU.ActiveCfg = Debug|Any CPU
		{1A3B75E6-BA38-4970-A85C-A79753582664}.Debug|Any CPU.Build.0 = Debug|Any CPU
		{1A3B75E6-BA38-4970-A85C-A79753582664}.Release|Any CPU.ActiveCfg = Release|Any CPU
		{1A3B75E6-BA38-4970-A85C-A79753582664}.Release|Any CPU.Build.0 = Release|Any CPU
	EndGlobalSection
	GlobalSection(SolutionProperties) = preSolution
		HideSolutionNode = FALSE
	EndGlobalSection
	GlobalSection(NestedProjects) = preSolution
		{0ECDB7D5-8AF9-4B38-B1B4-D32B87F7FC91} = {02E94E08-33D2-4855-AD01-E544D64BA86B}
		{3B9C8463-A508-4AE0-B699-78C1545BDE67} = {02E94E08-33D2-4855-AD01-E544D64BA86B}
		{19914961-B237-465F-9FCA-CD8BC2B0A24E} = {02E94E08-33D2-4855-AD01-E544D64BA86B}
		{1A3B75E6-BA38-4970-A85C-A79753582664} = {02E94E08-33D2-4855-AD01-E544D64BA86B}
	EndGlobalSection
EndGlobal
